{
  "object": {
    "pins": [
      {
        "package": "AppLogger",
        "repositoryURL": "https://github.com/backslash-f/applogger",
        "state": {
          "branch": null,
          "revision": "aa31c2a984e02a211f3e959baa1b2b6becb6327a",
          "version": "1.0.0"
        }
      },
      {
        "package": "Worker",
        "repositoryURL": "https://github.com/backslash-f/worker",
        "state": {
          "branch": null,
          "revision": "fb5f5138968f0d56ce1666428ee556ddd1553b8b",
          "version": "1.1.0"
        }
      }
    ]
  },
  "version": 1
}
